
Microsoft Visual Studio Solution File, Format Version 12.00
# Visual Studio 15
Project("{FAE04EC0-301F-11D3-BF4B-00C04F79EFBC}") = "MemeBankApi", "MemeBankApi\MemeBankApi.csproj", "{F205B13C-303D-4DC1-B9CD-BA3C6820492F}"
EndProject
Global
	GlobalSection(SolutionConfigurationPlatforms) = preSolution
		Debug|Any CPU = Debug|Any CPU
		Release|Any CPU = Release|Any CPU
	EndGlobalSection
	GlobalSection(ProjectConfigurationPlatforms) = postSolution
		{F205B13C-303D-4DC1-B9CD-BA3C6820492F}.Debug|Any CPU.ActiveCfg = Debug|Any CPU
		{F205B13C-303D-4DC1-B9CD-BA3C6820492F}.Debug|Any CPU.Build.0 = Debug|Any CPU
		{F205B13C-303D-4DC1-B9CD-BA3C6820492F}.Release|Any CPU.ActiveCfg = Release|Any CPU
		{F205B13C-303D-4DC1-B9CD-BA3C6820492F}.Release|Any CPU.Build.0 = Release|Any CPU
	EndGlobalSection
EndGlobal
